{
  "originHash" : "6b38c1280f04f88dc372251f4ee2922f72640820f8ab2bf55f185b63479a79df",
  "pins" : [
    {
      "identity" : "audiokit",
      "kind" : "remoteSourceControl",
      "location" : "https://github.com/AudioKit/AudioKit.git",
      "state" : {
        "revision" : "2ebd422855e4645d3169f83d1765d1c8196b4f46",
        "version" : "5.6.4"
      }
    },
    {
      "identity" : "audiokitex",
      "kind" : "remoteSourceControl",
      "location" : "https://github.com/AudioKit/AudioKitEX",
      "state" : {
        "revision" : "cb1a1276978ffc08e00d4774c0617aa8a58a17c4",
        "version" : "5.6.1"
      }
    },
    {
      "identity" : "iqkeyboardmanager",
      "kind" : "remoteSourceControl",
      "location" : "https://github.com/hackiftekhar/IQKeyboardManager.git",
      "state" : {
        "revision" : "c00b1ae9fa1ad8af4465bb6ca901f6943fc98eba",
        "version" : "6.5.16"
      }
    },
    {
      "identity" : "kissfft",
      "kind" : "remoteSourceControl",
      "location" : "https://github.com/AudioKit/KissFFT",
      "state" : {
        "revision" : "dd0636e151724b8ba2e0908eba4d99a6ff24d00c",
        "version" : "1.0.0"
      }
    },
    {
      "identity" : "panmodal",
      "kind" : "remoteSourceControl",
      "location" : "https://github.com/slackhq/PanModal.git",
      "state" : {
        "revision" : "b012aecb6b67a8e46369227f893c12544846613f",
        "version" : "1.2.7"
      }
    },
    {
      "identity" : "soundpipeaudiokit",
      "kind" : "remoteSourceControl",
      "location" : "https://github.com/AudioKit/SoundpipeAudioKit.git",
      "state" : {
        "revision" : "ee7d9542078ae48b24744a67c0350a12f9de354b",
        "version" : "5.6.1"
      }
    },
    {
      "identity" : "speechbubbleview",
      "kind" : "remoteSourceControl",
      "location" : "https://github.com/eunjin3786/SpeechBubbleView",
      "state" : {
        "revision" : "e4be85ab541ced64a35e3df42377ee2d1ce8f7fb",
        "version" : "0.1.4"
      }
    }
  ],
  "version" : 3
}
